// !$*UTF8*$!
{
	archiveVersion = 1;
	classes = {
	};
	objectVersion = 56;
	objects = {

/* Begin PBXBuildFile section */
		FE550ED82C584ABB00E9BE4F /* main.swift in Sources */ = {isa = PBXBuildFile; fileRef = FE550ED72C584ABB00E9BE4F /* main.swift */; };
/* End PBXBuildFile section */

/* Begin PBXCopyFilesBuildPhase section */
		FE550ED22C584ABB00E9BE4F /* CopyFiles */ = {
			isa = PBXCopyFilesBuildPhase;
			buildActionMask = 2147483647;
			dstPath = /usr/share/man/man1/;
			dstSubfolderSpec = 0;
			files = (
			);
			runOnlyForDeploymentPostprocessing = 1;
		};
/* End PBXCopyFilesBuildPhase section */

/* Begin PBXFileReference section */
		FE550ED42C584ABB00E9BE4F /* IOSAdvanced */ = {isa = PBXFileReference; explicitFileType = "compiled.mach-o.executable"; includeInIndex = 0; path = IOSAdvanced; sourceTree = BUILT_PRODUCTS_DIR; };
		FE550ED72C584ABB00E9BE4F /* main.swift */ = {isa = PBXFileReference; lastKnownFileType = sourcecode.swift; path = main.swift; sourceTree = "<group>"; };
		FE550EDE2C584AD100E9BE4F /* MyPlayground.playground */ = {isa = PBXFileReference; lastKnownFileType = file.playground; name = MyPlayground.playground; path = ../MyPlayground.playground; sourceTree = "<group>"; xcLanguageSpecificationIdentifier = xcode.lang.swift; };
		FEBE7E302C6A4E990091CE49 /* AccessModifiers.playground */ = {isa = PBXFileReference; lastKnownFileType = file.playground; path = AccessModifiers.playground; sourceTree = "<group>"; xcLanguageSpecificationIdentifier = xcode.lang.swift; };
		FEBE7E312C6A55EA0091CE49 /* ProperyObservers.playground */ = {isa = PBXFileReference; lastKnownFileType = file.playground; path = ProperyObservers.playground; sourceTree = "<group>"; xcLanguageSpecificationIdentifier = xcode.lang.swift; };
		FEBE7E332C6A609B0091CE49 /* NestedTypes.playground */ = {isa = PBXFileReference; lastKnownFileType = file.playground; path = NestedTypes.playground; sourceTree = "<group>"; xcLanguageSpecificationIdentifier = xcode.lang.swift; };
		FEBE7E342C6A64010091CE49 /* Class.playground */ = {isa = PBXFileReference; lastKnownFileType = file.playground; path = Class.playground; sourceTree = "<group>"; xcLanguageSpecificationIdentifier = xcode.lang.swift; };
		FEBE7E352C6A78AC0091CE49 /* Class */ = {isa = PBXFileReference; lastKnownFileType = text; path = Class; sourceTree = "<group>"; };
		FEBE7E362C6A7D1A0091CE49 /* Deinilitializer.playground */ = {isa = PBXFileReference; lastKnownFileType = file.playground; path = Deinilitializer.playground; sourceTree = "<group>"; xcLanguageSpecificationIdentifier = xcode.lang.swift; };
		FEBE7E372C6ABE520091CE49 /* Inheritence.playground */ = {isa = PBXFileReference; lastKnownFileType = file.playground; path = Inheritence.playground; sourceTree = "<group>"; xcLanguageSpecificationIdentifier = xcode.lang.swift; };
		FECA4BA22C5A657200679710 /* Enum.playground */ = {isa = PBXFileReference; lastKnownFileType = file.playground; path = Enum.playground; sourceTree = "<group>"; xcLanguageSpecificationIdentifier = xcode.lang.swift; };
		FECA4BA32C5A7C1A00679710 /* ArraySet.playground */ = {isa = PBXFileReference; lastKnownFileType = file.playground; path = ArraySet.playground; sourceTree = "<group>"; xcLanguageSpecificationIdentifier = xcode.lang.swift; };
		FECA4BA42C5A808A00679710 /* Dict.playground */ = {isa = PBXFileReference; lastKnownFileType = file.playground; path = Dict.playground; sourceTree = "<group>"; xcLanguageSpecificationIdentifier = xcode.lang.swift; };
		FECA4BA52C5A844700679710 /* Functions.playground */ = {isa = PBXFileReference; lastKnownFileType = file.playground; path = Functions.playground; sourceTree = "<group>"; xcLanguageSpecificationIdentifier = xcode.lang.swift; };
		FECA4BA62C5A8A0700679710 /* Function */ = {isa = PBXFileReference; lastKnownFileType = text; path = Function; sourceTree = "<group>"; };
		FECA4BA72C5A8A9D00679710 /* Enum */ = {isa = PBXFileReference; lastKnownFileType = text; path = Enum; sourceTree = "<group>"; };
		FECA4BA82C5A8E0600679710 /* Protocols */ = {isa = PBXFileReference; lastKnownFileType = text; path = Protocols; sourceTree = "<group>"; };
		FECA4BA92C5AC30600679710 /* Struct.playground */ = {isa = PBXFileReference; lastKnownFileType = file.playground; path = Struct.playground; sourceTree = "<group>"; xcLanguageSpecificationIdentifier = xcode.lang.swift; };
		FEE4FF7E2C59169F0081D1F8 /* GenericCont2.playground */ = {isa = PBXFileReference; lastKnownFileType = file.playground; path = GenericCont2.playground; sourceTree = "<group>"; xcLanguageSpecificationIdentifier = xcode.lang.swift; };
		FEE4FF7F2C591E2F0081D1F8 /* Codable.playground */ = {isa = PBXFileReference; lastKnownFileType = file.playground; path = Codable.playground; sourceTree = "<group>"; xcLanguageSpecificationIdentifier = xcode.lang.swift; };
		FEE4FF802C592BE90081D1F8 /* CustomCoding.playground */ = {isa = PBXFileReference; lastKnownFileType = file.playground; path = CustomCoding.playground; sourceTree = "<group>"; xcLanguageSpecificationIdentifier = xcode.lang.swift; };
		FEE4FF812C5996800081D1F8 /* File */ = {isa = PBXFileReference; lastKnownFileType = text; path = File; sourceTree = "<group>"; };
/* End PBXFileReference section */

/* Begin PBXFrameworksBuildPhase section */
		FE550ED12C584ABB00E9BE4F /* Frameworks */ = {
			isa = PBXFrameworksBuildPhase;
			buildActionMask = 2147483647;
			files = (
			);
			runOnlyForDeploymentPostprocessing = 0;
		};
/* End PBXFrameworksBuildPhase section */

/* Begin PBXGroup section */
		FE550ECB2C584ABB00E9BE4F = {
			isa = PBXGroup;
			children = (
				FEBE7E372C6ABE520091CE49 /* Inheritence.playground */,
				FEBE7E362C6A7D1A0091CE49 /* Deinilitializer.playground */,
				FEBE7E352C6A78AC0091CE49 /* Class */,
				FEBE7E342C6A64010091CE49 /* Class.playground */,
				FEBE7E332C6A609B0091CE49 /* NestedTypes.playground */,
				FEBE7E312C6A55EA0091CE49 /* ProperyObservers.playground */,
				FEBE7E302C6A4E990091CE49 /* AccessModifiers.playground */,
				FECA4BA92C5AC30600679710 /* Struct.playground */,
				FECA4BA82C5A8E0600679710 /* Protocols */,
				FECA4BA72C5A8A9D00679710 /* Enum */,
				FECA4BA62C5A8A0700679710 /* Function */,
				FECA4BA52C5A844700679710 /* Functions.playground */,
				FECA4BA42C5A808A00679710 /* Dict.playground */,
				FECA4BA32C5A7C1A00679710 /* ArraySet.playground */,
				FECA4BA22C5A657200679710 /* Enum.playground */,
				FEE4FF812C5996800081D1F8 /* File */,
				FEE4FF802C592BE90081D1F8 /* CustomCoding.playground */,
				FEE4FF7F2C591E2F0081D1F8 /* Codable.playground */,
				FEE4FF7E2C59169F0081D1F8 /* GenericCont2.playground */,
				FE550EDE2C584AD100E9BE4F /* MyPlayground.playground */,
				FE550ED62C584ABB00E9BE4F /* IOSAdvanced */,
				FE550ED52C584ABB00E9BE4F /* Products */,
			);
			sourceTree = "<group>";
		};
		FE550ED52C584ABB00E9BE4F /* Products */ = {
			isa = PBXGroup;
			children = (
				FE550ED42C584ABB00E9BE4F /* IOSAdvanced */,
			);
			name = Products;
			sourceTree = "<group>";
		};
		FE550ED62C584ABB00E9BE4F /* IOSAdvanced */ = {
			isa = PBXGroup;
			children = (
				FE550ED72C584ABB00E9BE4F /* main.swift */,
			);
			path = IOSAdvanced;
			sourceTree = "<group>";
		};
/* End PBXGroup section */

/* Begin PBXNativeTarget section */
		FE550ED32C584ABB00E9BE4F /* IOSAdvanced */ = {
			isa = PBXNativeTarget;
			buildConfigurationList = FE550EDB2C584ABB00E9BE4F /* Build configuration list for PBXNativeTarget "IOSAdvanced" */;
			buildPhases = (
				FE550ED02C584ABB00E9BE4F /* Sources */,
				FE550ED12C584ABB00E9BE4F /* Frameworks */,
				FE550ED22C584ABB00E9BE4F /* CopyFiles */,
			);
			buildRules = (
			);
			dependencies = (
			);
			name = IOSAdvanced;
			productName = IOSAdvanced;
			productReference = FE550ED42C584ABB00E9BE4F /* IOSAdvanced */;
			productType = "com.apple.product-type.tool";
		};
/* End PBXNativeTarget section */

/* Begin PBXProject section */
		FE550ECC2C584ABB00E9BE4F /* Project object */ = {
			isa = PBXProject;
			attributes = {
				BuildIndependentTargetsInParallel = 1;
				LastSwiftUpdateCheck = 1520;
				LastUpgradeCheck = 1520;
				TargetAttributes = {
					FE550ED32C584ABB00E9BE4F = {
						CreatedOnToolsVersion = 15.2;
					};
				};
			};
			buildConfigurationList = FE550ECF2C584ABB00E9BE4F /* Build configuration list for PBXProject "IOSAdvanced" */;
			compatibilityVersion = "Xcode 14.0";
			developmentRegion = en;
			hasScannedForEncodings = 0;
			knownRegions = (
				en,
				Base,
			);
			mainGroup = FE550ECB2C584ABB00E9BE4F;
			productRefGroup = FE550ED52C584ABB00E9BE4F /* Products */;
			projectDirPath = "";
			projectRoot = "";
			targets = (
				FE550ED32C584ABB00E9BE4F /* IOSAdvanced */,
			);
		};
/* End PBXProject section */

/* Begin PBXSourcesBuildPhase section */
		FE550ED02C584ABB00E9BE4F /* Sources */ = {
			isa = PBXSourcesBuildPhase;
			buildActionMask = 2147483647;
			files = (
				FE550ED82C584ABB00E9BE4F /* main.swift in Sources */,
			);
			runOnlyForDeploymentPostprocessing = 0;
		};
/* End PBXSourcesBuildPhase section */

/* Begin XCBuildConfiguration section */
		FE550ED92C584ABB00E9BE4F /* Debug */ = {
			isa = XCBuildConfiguration;
			buildSettings = {
				ALWAYS_SEARCH_USER_PATHS = NO;
				ASSETCATALOG_COMPILER_GENERATE_SWIFT_ASSET_SYMBOL_EXTENSIONS = YES;
				CLANG_ANALYZER_NONNULL = YES;
				CLANG_ANALYZER_NUMBER_OBJECT_CONVERSION = YES_AGGRESSIVE;
				CLANG_CXX_LANGUAGE_STANDARD = "gnu++20";
				CLANG_ENABLE_MODULES = YES;
				CLANG_ENABLE_OBJC_ARC = YES;
				CLANG_ENABLE_OBJC_WEAK = YES;
				CLANG_WARN_BLOCK_CAPTURE_AUTORELEASING = YES;
				CLANG_WARN_BOOL_CONVERSION = YES;
				CLANG_WARN_COMMA = YES;
				CLANG_WARN_CONSTANT_CONVERSION = YES;
				CLANG_WARN_DEPRECATED_OBJC_IMPLEMENTATIONS = YES;
				CLANG_WARN_DIRECT_OBJC_ISA_USAGE = YES_ERROR;
				CLANG_WARN_DOCUMENTATION_COMMENTS = YES;
				CLANG_WARN_EMPTY_BODY = YES;
				CLANG_WARN_ENUM_CONVERSION = YES;
				CLANG_WARN_INFINITE_RECURSION = YES;
				CLANG_WARN_INT_CONVERSION = YES;
				CLANG_WARN_NON_LITERAL_NULL_CONVERSION = YES;
				CLANG_WARN_OBJC_IMPLICIT_RETAIN_SELF = YES;
				CLANG_WARN_OBJC_LITERAL_CONVERSION = YES;
				CLANG_WARN_OBJC_ROOT_CLASS = YES_ERROR;
				CLANG_WARN_QUOTED_INCLUDE_IN_FRAMEWORK_HEADER = YES;
				CLANG_WARN_RANGE_LOOP_ANALYSIS = YES;
				CLANG_WARN_STRICT_PROTOTYPES = YES;
				CLANG_WARN_SUSPICIOUS_MOVE = YES;
				CLANG_WARN_UNGUARDED_AVAILABILITY = YES_AGGRESSIVE;
				CLANG_WARN_UNREACHABLE_CODE = YES;
				CLANG_WARN__DUPLICATE_METHOD_MATCH = YES;
				COPY_PHASE_STRIP = NO;
				DEBUG_INFORMATION_FORMAT = dwarf;
				ENABLE_STRICT_OBJC_MSGSEND = YES;
				ENABLE_TESTABILITY = YES;
				ENABLE_USER_SCRIPT_SANDBOXING = YES;
				GCC_C_LANGUAGE_STANDARD = gnu17;
				GCC_DYNAMIC_NO_PIC = NO;
				GCC_NO_COMMON_BLOCKS = YES;
				GCC_OPTIMIZATION_LEVEL = 0;
				GCC_PREPROCESSOR_DEFINITIONS = (
					"DEBUG=1",
					"$(inherited)",
				);
				GCC_WARN_64_TO_32_BIT_CONVERSION = YES;
				GCC_WARN_ABOUT_RETURN_TYPE = YES_ERROR;
				GCC_WARN_UNDECLARED_SELECTOR = YES;
				GCC_WARN_UNINITIALIZED_AUTOS = YES_AGGRESSIVE;
				GCC_WARN_UNUSED_FUNCTION = YES;
				GCC_WARN_UNUSED_VARIABLE = YES;
				LOCALIZATION_PREFERS_STRING_CATALOGS = YES;
				MACOSX_DEPLOYMENT_TARGET = 14.2;
				MTL_ENABLE_DEBUG_INFO = INCLUDE_SOURCE;
				MTL_FAST_MATH = YES;
				ONLY_ACTIVE_ARCH = YES;
				SDKROOT = macosx;
				SWIFT_ACTIVE_COMPILATION_CONDITIONS = "DEBUG $(inherited)";
				SWIFT_OPTIMIZATION_LEVEL = "-Onone";
			};
			name = Debug;
		};
		FE550EDA2C584ABB00E9BE4F /* Release */ = {
			isa = XCBuildConfiguration;
			buildSettings = {
				ALWAYS_SEARCH_USER_PATHS = NO;
				ASSETCATALOG_COMPILER_GENERATE_SWIFT_ASSET_SYMBOL_EXTENSIONS = YES;
				CLANG_ANALYZER_NONNULL = YES;
				CLANG_ANALYZER_NUMBER_OBJECT_CONVERSION = YES_AGGRESSIVE;
				CLANG_CXX_LANGUAGE_STANDARD = "gnu++20";
				CLANG_ENABLE_MODULES = YES;
				CLANG_ENABLE_OBJC_ARC = YES;
				CLANG_ENABLE_OBJC_WEAK = YES;
				CLANG_WARN_BLOCK_CAPTURE_AUTORELEASING = YES;
				CLANG_WARN_BOOL_CONVERSION = YES;
				CLANG_WARN_COMMA = YES;
				CLANG_WARN_CONSTANT_CONVERSION = YES;
				CLANG_WARN_DEPRECATED_OBJC_IMPLEMENTATIONS = YES;
				CLANG_WARN_DIRECT_OBJC_ISA_USAGE = YES_ERROR;
				CLANG_WARN_DOCUMENTATION_COMMENTS = YES;
				CLANG_WARN_EMPTY_BODY = YES;
				CLANG_WARN_ENUM_CONVERSION = YES;
				CLANG_WARN_INFINITE_RECURSION = YES;
				CLANG_WARN_INT_CONVERSION = YES;
				CLANG_WARN_NON_LITERAL_NULL_CONVERSION = YES;
				CLANG_WARN_OBJC_IMPLICIT_RETAIN_SELF = YES;
				CLANG_WARN_OBJC_LITERAL_CONVERSION = YES;
				CLANG_WARN_OBJC_ROOT_CLASS = YES_ERROR;
				CLANG_WARN_QUOTED_INCLUDE_IN_FRAMEWORK_HEADER = YES;
				CLANG_WARN_RANGE_LOOP_ANALYSIS = YES;
				CLANG_WARN_STRICT_PROTOTYPES = YES;
				CLANG_WARN_SUSPICIOUS_MOVE = YES;
				CLANG_WARN_UNGUARDED_AVAILABILITY = YES_AGGRESSIVE;
				CLANG_WARN_UNREACHABLE_CODE = YES;
				CLANG_WARN__DUPLICATE_METHOD_MATCH = YES;
				COPY_PHASE_STRIP = NO;
				DEBUG_INFORMATION_FORMAT = "dwarf-with-dsym";
				ENABLE_NS_ASSERTIONS = NO;
				ENABLE_STRICT_OBJC_MSGSEND = YES;
				ENABLE_USER_SCRIPT_SANDBOXING = YES;
				GCC_C_LANGUAGE_STANDARD = gnu17;
				GCC_NO_COMMON_BLOCKS = YES;
				GCC_WARN_64_TO_32_BIT_CONVERSION = YES;
				GCC_WARN_ABOUT_RETURN_TYPE = YES_ERROR;
				GCC_WARN_UNDECLARED_SELECTOR = YES;
				GCC_WARN_UNINITIALIZED_AUTOS = YES_AGGRESSIVE;
				GCC_WARN_UNUSED_FUNCTION = YES;
				GCC_WARN_UNUSED_VARIABLE = YES;
				LOCALIZATION_PREFERS_STRING_CATALOGS = YES;
				MACOSX_DEPLOYMENT_TARGET = 14.2;
				MTL_ENABLE_DEBUG_INFO = NO;
				MTL_FAST_MATH = YES;
				SDKROOT = macosx;
				SWIFT_COMPILATION_MODE = wholemodule;
			};
			name = Release;
		};
		FE550EDC2C584ABB00E9BE4F /* Debug */ = {
			isa = XCBuildConfiguration;
			buildSettings = {
				CODE_SIGN_STYLE = Automatic;
				DEVELOPMENT_TEAM = RZG5C6GQ54;
				ENABLE_HARDENED_RUNTIME = YES;
				PRODUCT_NAME = "$(TARGET_NAME)";
				SWIFT_VERSION = 5.0;
			};
			name = Debug;
		};
		FE550EDD2C584ABB00E9BE4F /* Release */ = {
			isa = XCBuildConfiguration;
			buildSettings = {
				CODE_SIGN_STYLE = Automatic;
				DEVELOPMENT_TEAM = RZG5C6GQ54;
				ENABLE_HARDENED_RUNTIME = YES;
				PRODUCT_NAME = "$(TARGET_NAME)";
				SWIFT_VERSION = 5.0;
			};
			name = Release;
		};
/* End XCBuildConfiguration section */

/* Begin XCConfigurationList section */
		FE550ECF2C584ABB00E9BE4F /* Build configuration list for PBXProject "IOSAdvanced" */ = {
			isa = XCConfigurationList;
			buildConfigurations = (
				FE550ED92C584ABB00E9BE4F /* Debug */,
				FE550EDA2C584ABB00E9BE4F /* Release */,
			);
			defaultConfigurationIsVisible = 0;
			defaultConfigurationName = Release;
		};
		FE550EDB2C584ABB00E9BE4F /* Build configuration list for PBXNativeTarget "IOSAdvanced" */ = {
			isa = XCConfigurationList;
			buildConfigurations = (
				FE550EDC2C584ABB00E9BE4F /* Debug */,
				FE550EDD2C584ABB00E9BE4F /* Release */,
			);
			defaultConfigurationIsVisible = 0;
			defaultConfigurationName = Release;
		};
/* End XCConfigurationList section */
	};
	rootObject = FE550ECC2C584ABB00E9BE4F /* Project object */;
}
